{
  "name": "yyf-form-gen-parser",
  "version": "1.0.4",
  "lockfileVersion": 1,
  "requires": true,
  "dependencies": {
    "yyf-form-gen-render": {
      "version": "1.0.4",
      "resolved": "http://npm.hashquark.io/yyf-form-gen-render/-/yyf-form-gen-render-1.0.4.tgz",
      "integrity": "sha512-gG75FRqo7hmKknCYjNLQNIB4EoPKhj743Q95j0uWVLRaXxry5p9exxZyzAPyL0d+h/gXFFYkdbPEfsQqSlSN1Q=="
    }
  }
}
